version = 1
revision = 3
requires-python = "==3.12.*"

[[package]]
name = "annotated-types"
version = "0.7.0"
source = { registry = "https://pypi.org/simple" }
sdist = { url = "https://files.pythonhosted.org/packages/ee/67/531ea369ba64dcff5ec9c3402f9f51bf748cec26dde048a2f973a4eea7f5/annotated_types-0.7.0.tar.gz", hash = "sha256:aff07c09a53a08bc8cfccb9c85b05f1aa9a2a6f23728d790723543408344ce89", size = 16081, upload-time = "2024-05-20T21:33:25.928Z" }
wheels = [
    { url = "https://files.pythonhosted.org/packages/78/b6/6307fbef88d9b5ee7421e68d78a9f162e0da4900bc5f5793f6d3d0e34fb8/annotated_types-0.7.0-py3-none-any.whl", hash = "sha256:1f02e8b43a8fbbc3f3e0d4f0f4bfc8131bcb4eebe8849b8e5c773f3a1c582a53", size = 13643, upload-time = "2024-05-20T21:33:24.1Z" },
]

[[package]]
name = "click"
version = "8.1.7"
source = { registry = "https://pypi.org/simple" }
dependencies = [
    { name = "colorama", marker = "sys_platform == 'win32'" },
]
sdist = { url = "https://files.pythonhosted.org/packages/96/d3/f04c7bfcf5c1862a2a5b845c6b2b360488cf47af55dfa79c98f6a6bf98b5/click-8.1.7.tar.gz", hash = "sha256:ca9853ad459e787e2192211578cc907e7594e294c7ccc834310722b41b9ca6de", size = 336121, upload-time = "2023-08-17T17:29:11.868Z" }
wheels = [
    { url = "https://files.pythonhosted.org/packages/00/2e/d53fa4befbf2cfa713304affc7ca780ce4fc1fd8710527771b58311a3229/click-8.1.7-py3-none-any.whl", hash = "sha256:ae74fb96c20a0277a1d615f1e4d73c8414f5a98db8b799a7931d1582f3390c28", size = 97941, upload-time = "2023-08-17T17:29:10.08Z" },
]

[[package]]
name = "colorama"
version = "0.4.6"
source = { registry = "https://pypi.org/simple" }
sdist = { url = "https://files.pythonhosted.org/packages/d8/53/6f443c9a4a8358a93a6792e2acffb9d9d5cb0a5cfd8802644b7b1c9a02e4/colorama-0.4.6.tar.gz", hash = "sha256:08695f5cb7ed6e0531a20572697297273c47b8cae5a63ffc6d6ed5c201be6e44", size = 27697, upload-time = "2022-10-25T02:36:22.414Z" }
wheels = [
    { url = "https://files.pythonhosted.org/packages/d1/d6/3965ed04c63042e047cb6a3e6ed1a63a35087b6a609aa3a15ed8ac56c221/colorama-0.4.6-py2.py3-none-any.whl", hash = "sha256:4f1d9991f5acc0ca119f9d443620b77f9d6b33703e51011c16baf57afb285fc6", size = 25335, upload-time = "2022-10-25T02:36:20.889Z" },
]

[[package]]
name = "cv"
version = "0.2.0"
source = { virtual = "." }
dependencies = [
    { name = "rendercv" },
]

[package.metadata]
requires-dist = [{ name = "rendercv", specifier = "~=1.14" }]

[[package]]
name = "dnspython"
version = "2.7.0"
source = { registry = "https://pypi.org/simple" }
sdist = { url = "https://files.pythonhosted.org/packages/b5/4a/263763cb2ba3816dd94b08ad3a33d5fdae34ecb856678773cc40a3605829/dnspython-2.7.0.tar.gz", hash = "sha256:ce9c432eda0dc91cf618a5cedf1a4e142651196bbcd2c80e89ed5a907e5cfaf1", size = 345197, upload-time = "2024-10-05T20:14:59.362Z" }
wheels = [
    { url = "https://files.pythonhosted.org/packages/68/1b/e0a87d256e40e8c888847551b20a017a6b98139178505dc7ffb96f04e954/dnspython-2.7.0-py3-none-any.whl", hash = "sha256:b4c34b7d10b51bcc3a5071e7b8dee77939f1e878477eeecc965e9835f63c6c86", size = 313632, upload-time = "2024-10-05T20:14:57.687Z" },
]

[[package]]
name = "email-validator"
version = "2.2.0"
source = { registry = "https://pypi.org/simple" }
dependencies = [
    { name = "dnspython" },
    { name = "idna" },
]
sdist = { url = "https://files.pythonhosted.org/packages/48/ce/13508a1ec3f8bb981ae4ca79ea40384becc868bfae97fd1c942bb3a001b1/email_validator-2.2.0.tar.gz", hash = "sha256:cb690f344c617a714f22e66ae771445a1ceb46821152df8e165c5f9a364582b7", size = 48967, upload-time = "2024-06-20T11:30:30.034Z" }
wheels = [
    { url = "https://files.pythonhosted.org/packages/d7/ee/bf0adb559ad3c786f12bcbc9296b3f5675f529199bef03e2df281fa1fadb/email_validator-2.2.0-py3-none-any.whl", hash = "sha256:561977c2d73ce3611850a06fa56b414621e0c8faa9d66f2611407d87465da631", size = 33521, upload-time = "2024-06-20T11:30:28.248Z" },
]

[[package]]
name = "idna"
version = "3.10"
source = { registry = "https://pypi.org/simple" }
sdist = { url = "https://files.pythonhosted.org/packages/f1/70/7703c29685631f5a7590aa73f1f1d3fa9a380e654b86af429e0934a32f7d/idna-3.10.tar.gz", hash = "sha256:12f65c9b470abda6dc35cf8e63cc574b1c52b11df2c86030af0ac09b01b13ea9", size = 190490, upload-time = "2024-09-15T18:07:39.745Z" }
wheels = [
    { url = "https://files.pythonhosted.org/packages/76/c6/c88e154df9c4e1a2a66ccf0005a88dfb2650c1dffb6f5ce603dfbd452ce3/idna-3.10-py3-none-any.whl", hash = "sha256:946d195a0d259cbba61165e88e65941f16e9b36ea6ddb97f00452bae8b1287d3", size = 70442, upload-time = "2024-09-15T18:07:37.964Z" },
]

[[package]]
name = "jinja2"
version = "3.1.4"
source = { registry = "https://pypi.org/simple" }
dependencies = [
    { name = "markupsafe" },
]
sdist = { url = "https://files.pythonhosted.org/packages/ed/55/39036716d19cab0747a5020fc7e907f362fbf48c984b14e62127f7e68e5d/jinja2-3.1.4.tar.gz", hash = "sha256:4a3aee7acbbe7303aede8e9648d13b8bf88a429282aa6122a993f0ac800cb369", size = 240245, upload-time = "2024-05-05T23:42:02.455Z" }
wheels = [
    { url = "https://files.pythonhosted.org/packages/31/80/3a54838c3fb461f6fec263ebf3a3a41771bd05190238de3486aae8540c36/jinja2-3.1.4-py3-none-any.whl", hash = "sha256:bc5dd2abb727a5319567b7a813e6a2e7318c39f4f487cfe6c89c6f9c7d25197d", size = 133271, upload-time = "2024-05-05T23:41:59.928Z" },
]

[[package]]
name = "markdown"
version = "3.7"
source = { registry = "https://pypi.org/simple" }
sdist = { url = "https://files.pythonhosted.org/packages/54/28/3af612670f82f4c056911fbbbb42760255801b3068c48de792d354ff4472/markdown-3.7.tar.gz", hash = "sha256:2ae2471477cfd02dbbf038d5d9bc226d40def84b4fe2986e49b59b6b472bbed2", size = 357086, upload-time = "2024-08-16T15:55:17.812Z" }
wheels = [
    { url = "https://files.pythonhosted.org/packages/3f/08/83871f3c50fc983b88547c196d11cf8c3340e37c32d2e9d6152abe2c61f7/Markdown-3.7-py3-none-any.whl", hash = "sha256:7eb6df5690b81a1d7942992c97fad2938e956e79df20cbc6186e9c3a77b1c803", size = 106349, upload-time = "2024-08-16T15:55:16.176Z" },
]

[[package]]
name = "markdown-it-py"
version = "3.0.0"
source = { registry = "https://pypi.org/simple" }
dependencies = [
    { name = "mdurl" },
]
sdist = { url = "https://files.pythonhosted.org/packages/38/71/3b932df36c1a044d397a1f92d1cf91ee0a503d91e470cbd670aa66b07ed0/markdown-it-py-3.0.0.tar.gz", hash = "sha256:e3f60a94fa066dc52ec76661e37c851cb232d92f9886b15cb560aaada2df8feb", size = 74596, upload-time = "2023-06-03T06:41:14.443Z" }
wheels = [
    { url = "https://files.pythonhosted.org/packages/42/d7/1ec15b46af6af88f19b8e5ffea08fa375d433c998b8a7639e76935c14f1f/markdown_it_py-3.0.0-py3-none-any.whl", hash = "sha256:355216845c60bd96232cd8d8c40e8f9765cc86f46880e43a8fd22dc1a1a8cab1", size = 87528, upload-time = "2023-06-03T06:41:11.019Z" },
]

[[package]]
name = "markupsafe"
version = "3.0.2"
source = { registry = "https://pypi.org/simple" }
sdist = { url = "https://files.pythonhosted.org/packages/b2/97/5d42485e71dfc078108a86d6de8fa46db44a1a9295e89c5d6d4a06e23a62/markupsafe-3.0.2.tar.gz", hash = "sha256:ee55d3edf80167e48ea11a923c7386f4669df67d7994554387f84e7d8b0a2bf0", size = 20537, upload-time = "2024-10-18T15:21:54.129Z" }
wheels = [
    { url = "https://files.pythonhosted.org/packages/22/09/d1f21434c97fc42f09d290cbb6350d44eb12f09cc62c9476effdb33a18aa/MarkupSafe-3.0.2-cp312-cp312-macosx_10_13_universal2.whl", hash = "sha256:9778bd8ab0a994ebf6f84c2b949e65736d5575320a17ae8984a77fab08db94cf", size = 14274, upload-time = "2024-10-18T15:21:13.777Z" },
    { url = "https://files.pythonhosted.org/packages/6b/b0/18f76bba336fa5aecf79d45dcd6c806c280ec44538b3c13671d49099fdd0/MarkupSafe-3.0.2-cp312-cp312-macosx_11_0_arm64.whl", hash = "sha256:846ade7b71e3536c4e56b386c2a47adf5741d2d8b94ec9dc3e92e5e1ee1e2225", size = 12348, upload-time = "2024-10-18T15:21:14.822Z" },
    { url = "https://files.pythonhosted.org/packages/e0/25/dd5c0f6ac1311e9b40f4af06c78efde0f3b5cbf02502f8ef9501294c425b/MarkupSafe-3.0.2-cp312-cp312-manylinux_2_17_aarch64.manylinux2014_aarch64.whl", hash = "sha256:1c99d261bd2d5f6b59325c92c73df481e05e57f19837bdca8413b9eac4bd8028", size = 24149, upload-time = "2024-10-18T15:21:15.642Z" },
    { url = "https://files.pythonhosted.org/packages/f3/f0/89e7aadfb3749d0f52234a0c8c7867877876e0a20b60e2188e9850794c17/MarkupSafe-3.0.2-cp312-cp312-manylinux_2_17_x86_64.manylinux2014_x86_64.whl", hash = "sha256:e17c96c14e19278594aa4841ec148115f9c7615a47382ecb6b82bd8fea3ab0c8", size = 23118, upload-time = "2024-10-18T15:21:17.133Z" },
    { url = "https://files.pythonhosted.org/packages/d5/da/f2eeb64c723f5e3777bc081da884b414671982008c47dcc1873d81f625b6/MarkupSafe-3.0.2-cp312-cp312-manylinux_2_5_i686.manylinux1_i686.manylinux_2_17_i686.manylinux2014_i686.whl", hash = "sha256:88416bd1e65dcea10bc7569faacb2c20ce071dd1f87539ca2ab364bf6231393c", size = 22993, upload-time = "2024-10-18T15:21:18.064Z" },
    { url = "https://files.pythonhosted.org/packages/da/0e/1f32af846df486dce7c227fe0f2398dc7e2e51d4a370508281f3c1c5cddc/MarkupSafe-3.0.2-cp312-cp312-musllinux_1_2_aarch64.whl", hash = "sha256:2181e67807fc2fa785d0592dc2d6206c019b9502410671cc905d132a92866557", size = 24178, upload-time = "2024-10-18T15:21:18.859Z" },
    { url = "https://files.pythonhosted.org/packages/c4/f6/bb3ca0532de8086cbff5f06d137064c8410d10779c4c127e0e47d17c0b71/MarkupSafe-3.0.2-cp312-cp312-musllinux_1_2_i686.whl", hash = "sha256:52305740fe773d09cffb16f8ed0427942901f00adedac82ec8b67752f58a1b22", size = 23319, upload-time = "2024-10-18T15:21:19.671Z" },
    { url = "https://files.pythonhosted.org/packages/a2/82/8be4c96ffee03c5b4a034e60a31294daf481e12c7c43ab8e34a1453ee48b/MarkupSafe-3.0.2-cp312-cp312-musllinux_1_2_x86_64.whl", hash = "sha256:ad10d3ded218f1039f11a75f8091880239651b52e9bb592ca27de44eed242a48", size = 23352, upload-time = "2024-10-18T15:21:20.971Z" },
    { url = "https://files.pythonhosted.org/packages/51/ae/97827349d3fcffee7e184bdf7f41cd6b88d9919c80f0263ba7acd1bbcb18/MarkupSafe-3.0.2-cp312-cp312-win32.whl", hash = "sha256:0f4ca02bea9a23221c0182836703cbf8930c5e9454bacce27e767509fa286a30", size = 15097, upload-time = "2024-10-18T15:21:22.646Z" },
    { url = "https://files.pythonhosted.org/packages/c1/80/a61f99dc3a936413c3ee4e1eecac96c0da5ed07ad56fd975f1a9da5bc630/MarkupSafe-3.0.2-cp312-cp312-win_amd64.whl", hash = "sha256:8e06879fc22a25ca47312fbe7c8264eb0b662f6db27cb2d3bbbc74b1df4b9b87", size = 15601, upload-time = "2024-10-18T15:21:23.499Z" },
]

[[package]]
name = "mdurl"
version = "0.1.2"
source = { registry = "https://pypi.org/simple" }
sdist = { url = "https://files.pythonhosted.org/packages/d6/54/cfe61301667036ec958cb99bd3efefba235e65cdeb9c84d24a8293ba1d90/mdurl-0.1.2.tar.gz", hash = "sha256:bb413d29f5eea38f31dd4754dd7377d4465116fb207585f97bf925588687c1ba", size = 8729, upload-time = "2022-08-14T12:40:10.846Z" }
wheels = [
    { url = "https://files.pythonhosted.org/packages/b3/38/89ba8ad64ae25be8de66a6d463314cf1eb366222074cfda9ee839c56a4b4/mdurl-0.1.2-py3-none-any.whl", hash = "sha256:84008a41e51615a49fc9966191ff91509e3c40b939176e643fd50a5c2196b8f8", size = 9979, upload-time = "2022-08-14T12:40:09.779Z" },
]

[[package]]
name = "phonenumbers"
version = "8.13.45"
source = { registry = "https://pypi.org/simple" }
sdist = { url = "https://files.pythonhosted.org/packages/68/27/23df48d4a4ea16348896f08b7b3e959b8b9c7f75f9e9e8c53a48b7360064/phonenumbers-8.13.45.tar.gz", hash = "sha256:53679a95b6060fd5e15467759252c87933d8566d6a5be00995a579eb0e02435b", size = 2296914, upload-time = "2024-09-06T05:33:54.894Z" }
wheels = [
    { url = "https://files.pythonhosted.org/packages/c8/ec/b175afd2606ee491bb9001ee688bef547773ff5dcbe39bf7304ef848610f/phonenumbers-8.13.45-py2.py3-none-any.whl", hash = "sha256:bf05ec20fcd13f0d53e43a34ed7bd1c8be26a72b88fce4b8c64fca5b4641987a", size = 2582224, upload-time = "2024-09-06T05:33:51.37Z" },
]

[[package]]
name = "pydantic"
version = "2.9.0"
source = { registry = "https://pypi.org/simple" }
dependencies = [
    { name = "annotated-types" },
    { name = "pydantic-core" },
    { name = "typing-extensions" },
    { name = "tzdata" },
]
sdist = { url = "https://files.pythonhosted.org/packages/f6/8f/3b9f7a38caa3fa0bcb3cea7ee9958e89a9a6efc0e6f51fd6096f24cac140/pydantic-2.9.0.tar.gz", hash = "sha256:c7a8a9fdf7d100afa49647eae340e2d23efa382466a8d177efcd1381e9be5598", size = 768298, upload-time = "2024-09-05T16:23:49.719Z" }
wheels = [
    { url = "https://files.pythonhosted.org/packages/54/38/95bdb5dfcebad2c11c88f7aa2d635fe53a0b7405ef39a6850c8bced455d4/pydantic-2.9.0-py3-none-any.whl", hash = "sha256:f66a7073abd93214a20c5f7b32d56843137a7a2e70d02111f3be287035c45370", size = 434325, upload-time = "2024-09-05T16:23:47.683Z" },
]

[[package]]
name = "pydantic-core"
version = "2.23.2"
source = { registry = "https://pypi.org/simple" }
dependencies = [
    { name = "typing-extensions" },
]
sdist = { url = "https://files.pythonhosted.org/packages/5f/03/54e4961dfaed4804fea0ad73e94d337f4ef88a635e73990d6e150b469594/pydantic_core-2.23.2.tar.gz", hash = "sha256:95d6bf449a1ac81de562d65d180af5d8c19672793c81877a2eda8fde5d08f2fd", size = 401901, upload-time = "2024-09-05T15:20:21.616Z" }
wheels = [
    { url = "https://files.pythonhosted.org/packages/8f/54/9c202171aca4a9f6596e1e2a6572ff7d707e2383a40605533c61487714a2/pydantic_core-2.23.2-cp312-cp312-macosx_10_12_x86_64.whl", hash = "sha256:4c83c64d05ffbbe12d4e8498ab72bdb05bcc1026340a4a597dc647a13c1605ec", size = 1845364, upload-time = "2024-09-05T15:18:12.911Z" },
    { url = "https://files.pythonhosted.org/packages/9e/e3/5c29d8fa6dfabd7809fe623fd17959e1b672410681a8c3811eefa42b8051/pydantic_core-2.23.2-cp312-cp312-macosx_11_0_arm64.whl", hash = "sha256:6294907eaaccf71c076abdd1c7954e272efa39bb043161b4b8aa1cd76a16ce43", size = 1784382, upload-time = "2024-09-05T15:18:14.361Z" },
    { url = "https://files.pythonhosted.org/packages/79/c3/4b003c9ed0f5f5e559823802ee7a3921de8aa50892bf179535d7695b2e76/pydantic_core-2.23.2-cp312-cp312-manylinux_2_17_aarch64.manylinux2014_aarch64.whl", hash = "sha256:4a801c5e1e13272e0909c520708122496647d1279d252c9e6e07dac216accc41", size = 1791189, upload-time = "2024-09-05T15:18:15.936Z" },
    { url = "https://files.pythonhosted.org/packages/3f/3b/0c0377c5833093a1758e711387bbe5a5e30511fe9d4afe225be185527aa1/pydantic_core-2.23.2-cp312-cp312-manylinux_2_17_armv7l.manylinux2014_armv7l.whl", hash = "sha256:cc0c316fba3ce72ac3ab7902a888b9dc4979162d320823679da270c2d9ad0cad", size = 1780431, upload-time = "2024-09-05T15:18:17.364Z" },
    { url = "https://files.pythonhosted.org/packages/4a/88/18a541e2f9cbcef4b44b90a2ba98d85e109d91bc7f3b2210d271f66e6d8f/pydantic_core-2.23.2-cp312-cp312-manylinux_2_17_ppc64le.manylinux2014_ppc64le.whl", hash = "sha256:6b06c5d4e8701ac2ba99a2ef835e4e1b187d41095a9c619c5b185c9068ed2a49", size = 1976902, upload-time = "2024-09-05T15:18:19.952Z" },
    { url = "https://files.pythonhosted.org/packages/e3/bd/6c98ca605130ee51438d812133d04ddb403fb1a8a93490f9a1a7e269a4a7/pydantic_core-2.23.2-cp312-cp312-manylinux_2_17_s390x.manylinux2014_s390x.whl", hash = "sha256:82764c0bd697159fe9947ad59b6db6d7329e88505c8f98990eb07e84cc0a5d81", size = 2638882, upload-time = "2024-09-05T15:18:21.603Z" },
    { url = "https://files.pythonhosted.org/packages/ad/fc/6b4f95c64bbeadaa6f84cffb51f469f6fdd61215d97b4ec8d89d027e574b/pydantic_core-2.23.2-cp312-cp312-manylinux_2_17_x86_64.manylinux2014_x86_64.whl", hash = "sha256:2b1a195efd347ede8bcf723e932300292eb13a9d2a3c1f84eb8f37cbbc905b7f", size = 2111180, upload-time = "2024-09-05T15:18:23.153Z" },
    { url = "https://files.pythonhosted.org/packages/95/4c/d4a355237ffa3dae28c2224bea9e09d4af69f346bf7611ebb66d8e930574/pydantic_core-2.23.2-cp312-cp312-manylinux_2_5_i686.manylinux1_i686.whl", hash = "sha256:b7efb12e5071ad8d5b547487bdad489fbd4a5a35a0fc36a1941517a6ad7f23e0", size = 1904338, upload-time = "2024-09-05T15:18:25.154Z" },
    { url = "https://files.pythonhosted.org/packages/83/d6/9f41db9ab2727a050fdac5e56a9e792260aa29e29affa98b4df8a06fd588/pydantic_core-2.23.2-cp312-cp312-musllinux_1_1_aarch64.whl", hash = "sha256:5dd0ec5f514ed40e49bf961d49cf1bc2c72e9b50f29a163b2cc9030c6742aa73", size = 1968729, upload-time = "2024-09-05T15:18:28.065Z" },
    { url = "https://files.pythonhosted.org/packages/f8/bd/0e795ea5eaf26a96d9691faae43603e00de3dbec6339e3710652f5feae12/pydantic_core-2.23.2-cp312-cp312-musllinux_1_1_x86_64.whl", hash = "sha256:820f6ee5c06bc868335e3b6e42d7ef41f50dfb3ea32fbd523ab679d10d8741c0", size = 2120748, upload-time = "2024-09-05T15:18:29.58Z" },
    { url = "https://files.pythonhosted.org/packages/be/7d/48ddf9f084b5de1d47c6bcccfeafe80900ceac975ebdf1fe374fd18654e5/pydantic_core-2.23.2-cp312-none-win32.whl", hash = "sha256:3713dc093d5048bfaedbba7a8dbc53e74c44a140d45ede020dc347dda18daf3f", size = 1725557, upload-time = "2024-09-05T15:18:31.152Z" },
    { url = "https://files.pythonhosted.org/packages/e1/d7/ef3558714427b385f84e22a224c4641b4869f9031f733e83cea6f0eb0154/pydantic_core-2.23.2-cp312-none-win_amd64.whl", hash = "sha256:e1895e949f8849bc2757c0dbac28422a04be031204df46a56ab34bcf98507342", size = 1914466, upload-time = "2024-09-05T15:18:32.981Z" },
]

[[package]]
name = "pydantic-extra-types"
version = "2.9.0"
source = { registry = "https://pypi.org/simple" }
dependencies = [
    { name = "pydantic" },
]
sdist = { url = "https://files.pythonhosted.org/packages/fb/95/d61dcadd933cb34461adc271c13bbe14a7080b9922b9e0dc3c1d18b421cb/pydantic_extra_types-2.9.0.tar.gz", hash = "sha256:e061c01636188743bb69f368dcd391f327b8cfbfede2fe1cbb1211b06601ba3b", size = 39578, upload-time = "2024-07-03T17:19:47.519Z" }
wheels = [
    { url = "https://files.pythonhosted.org/packages/37/2f/efc4877d1a1536ec76ca0114c3e9dee7d0a10a262c53d384d50163f5684c/pydantic_extra_types-2.9.0-py3-none-any.whl", hash = "sha256:f0bb975508572ba7bf3390b7337807588463b7248587e69f43b1ad7c797530d0", size = 30544, upload-time = "2024-07-03T17:19:46.208Z" },
]

[[package]]
name = "pygments"
version = "2.18.0"
source = { registry = "https://pypi.org/simple" }
sdist = { url = "https://files.pythonhosted.org/packages/8e/62/8336eff65bcbc8e4cb5d05b55faf041285951b6e80f33e2bff2024788f31/pygments-2.18.0.tar.gz", hash = "sha256:786ff802f32e91311bff3889f6e9a86e81505fe99f2735bb6d60ae0c5004f199", size = 4891905, upload-time = "2024-05-04T13:42:02.013Z" }
wheels = [
    { url = "https://files.pythonhosted.org/packages/f7/3f/01c8b82017c199075f8f788d0d906b9ffbbc5a47dc9918a945e13d5a2bda/pygments-2.18.0-py3-none-any.whl", hash = "sha256:b8e6aca0523f3ab76fee51799c488e38782ac06eafcf95e7ba832985c8e7b13a", size = 1205513, upload-time = "2024-05-04T13:41:57.345Z" },
]

[[package]]
name = "pymupdf"
version = "1.24.10"
source = { registry = "https://pypi.org/simple" }
dependencies = [
    { name = "pymupdfb" },
]
sdist = { url = "https://files.pythonhosted.org/packages/83/57/da06ca4886afc71a624e4b463d05f45c8a822596ede939957295e229eb4e/PyMuPDF-1.24.10.tar.gz", hash = "sha256:bd3ebd6d3fb8a845582098362f885bfb0a31ae4272587efc2c55c5e29fe7327a", size = 46988085, upload-time = "2024-09-02T16:28:45.172Z" }
wheels = [
    { url = "https://files.pythonhosted.org/packages/75/84/7231344d98355a40fb57c4025391dfb4116e2c3e9d98d5cc83f80c5ea942/PyMuPDF-1.24.10-cp312-none-macosx_10_9_x86_64.whl", hash = "sha256:f323aa7bb55e0214e632bfe24fa140bd5dcfeac2d3977bdce46e760385140513", size = 3230169, upload-time = "2024-09-02T16:27:37.842Z" },
    { url = "https://files.pythonhosted.org/packages/b2/bc/975b4fe4400b00c912dad1874c43d31486150e6f39d7dae758751c27e2dd/PyMuPDF-1.24.10-cp312-none-macosx_11_0_arm64.whl", hash = "sha256:50d2972558d25ce46a8634b58787b28dbeff9b3fe4299530fc9c8c9921061e83", size = 2980118, upload-time = "2024-09-02T16:27:41.534Z" },
    { url = "https://files.pythonhosted.org/packages/5b/dc/0f22c77ac4f8e6b8316072519513d5f0111fffe96d357051db0ddf043032/PyMuPDF-1.24.10-cp312-none-manylinux2014_aarch64.whl", hash = "sha256:0e3969c2fdff682b3b2c6a2b463adde068d6d8e20e2133ef6c8503469259646a", size = 3216830, upload-time = "2024-09-02T22:17:09.193Z" },
    { url = "https://files.pythonhosted.org/packages/a3/1b/1b41b27aab571b835f8d983492b80ed64548e3b5c4d169e23c639727d43b/PyMuPDF-1.24.10-cp312-none-manylinux2014_x86_64.whl", hash = "sha256:cd78ee1ebefdfe72bc36fd4b731cc8c694eb8ef5337d8ea956b0e94cd88751fc", size = 3491118, upload-time = "2024-09-02T16:27:50.098Z" },
    { url = "https://files.pythonhosted.org/packages/2d/3c/f1ffbc6e13ab37900c2aa71e434bbba922770091242e2b059acdb14f779e/PyMuPDF-1.24.10-cp312-none-musllinux_1_2_x86_64.whl", hash = "sha256:696eed91d2ee44e76277dfeb6bd904c84ae005378588949df6ed9be9e03b9817", size = 3612589, upload-time = "2024-09-02T16:27:54.185Z" },
    { url = "https://files.pythonhosted.org/packages/53/fb/158909af75c84968ea7e6659a75fd67bd462103c599033b23ffd6bc173be/PyMuPDF-1.24.10-cp312-none-win32.whl", hash = "sha256:1e5413e1aeab2f18e1ca1b3ff17057a4a7c5cbf4ff14abc93203da88fc1a1dd8", size = 2701190, upload-time = "2024-09-02T16:27:57.74Z" },
    { url = "https://files.pythonhosted.org/packages/91/4a/4a54d3f6a779ac5eed92e82fe3c1bb426bc40f9ea57c8656839198944a82/PyMuPDF-1.24.10-cp312-none-win_amd64.whl", hash = "sha256:227a4473fce8fa32b9268da68781048795503b67dc045867fc201e1334204bf1", size = 3228084, upload-time = "2024-09-02T16:27:45.749Z" },
]

[[package]]
name = "pymupdfb"
version = "1.24.10"
source = { registry = "https://pypi.org/simple" }
sdist = { url = "https://files.pythonhosted.org/packages/c9/ff/ecfcb41414b51976974d74c8e35fef0a0e5b47c7046a11c860553f5dccf0/PyMuPDFb-1.24.10.tar.gz", hash = "sha256:007b91fa9b528c5c0eecea2e49c486ac02e878274f9e31522bdd948adc5f8327", size = 37502, upload-time = "2024-09-02T16:28:48.343Z" }
wheels = [
    { url = "https://files.pythonhosted.org/packages/48/94/b217dc987b4ac0e3793984427112d6032563b741e27763f7761c2231d022/PyMuPDFb-1.24.10-py3-none-macosx_10_9_x86_64.whl", hash = "sha256:cd6b24630d90dce9ab3e59d06c5e616686f8d7ec626be1311721fcb062aa0078", size = 15536229, upload-time = "2024-09-02T16:25:19.4Z" },
    { url = "https://files.pythonhosted.org/packages/16/7a/f634c76d8331cb8dedcfaced17424cc469ee20b7f53cf29c9ef17a01b461/PyMuPDFb-1.24.10-py3-none-macosx_11_0_arm64.whl", hash = "sha256:fda2c34b206f724b1b5685b67188e2a57bcaa5c99bc40a0a5bc62057514c5cdf", size = 15149482, upload-time = "2024-09-02T16:25:34.352Z" },
    { url = "https://files.pythonhosted.org/packages/62/97/67b5da2edd034e66dadd0ec530e277afb14fe866a3b3b01d9fad154bc6f8/PyMuPDFb-1.24.10-py3-none-manylinux2014_aarch64.manylinux_2_17_aarch64.whl", hash = "sha256:4f50a7472f9bb10cbc7a1cd589ee4626ca030b8a4a02749f9a29eb6f00c0e0db", size = 15711338, upload-time = "2024-09-02T22:17:01.592Z" },
    { url = "https://files.pythonhosted.org/packages/62/b9/ad3f076e86328880797fe7e98c43b2879df56cf6cb75ac3058da06d6e6cb/PyMuPDFb-1.24.10-py3-none-manylinux2014_x86_64.manylinux_2_17_x86_64.whl", hash = "sha256:409f1270ef2e70d845e80149ff3db9cfed578274042316cba55cc3e3882421ea", size = 15921939, upload-time = "2024-09-02T16:26:00.118Z" },
    { url = "https://files.pythonhosted.org/packages/15/e7/02160ea905a7ba16d6e1ca51759ae1c1045785ebebae57ba30e82617f934/PyMuPDFb-1.24.10-py3-none-musllinux_1_2_x86_64.whl", hash = "sha256:aca96b6e9ee3096a26810592f4d899f4d3cf3cf0c902ae7e8cca09bce4d946c4", size = 17076991, upload-time = "2024-09-02T16:25:46.703Z" },
    { url = "https://files.pythonhosted.org/packages/d3/c0/e1ed840440131f71b068cdb3b620a69ec27543b1012a6bd855d8d05f1629/PyMuPDFb-1.24.10-py3-none-win32.whl", hash = "sha256:2d231b42fe3bf79837df235e7fbdf7ff8b46bf4ca1346d0f0124fb1cdd343ce8", size = 11731706, upload-time = "2024-09-02T16:26:19.131Z" },
    { url = "https://files.pythonhosted.org/packages/70/cb/8459d6c179befd7c6eee555334f054e9a6dcdd9f8671891e1da19e0ce526/PyMuPDFb-1.24.10-py3-none-win_amd64.whl", hash = "sha256:27ea65c701608b6b7632703339ca33ea6d513843b26dbe9bdefb2f56f7b9b196", size = 13186168, upload-time = "2024-09-02T16:26:10.503Z" },
]

[[package]]
name = "rendercv"
version = "1.14"
source = { registry = "https://pypi.org/simple" }
dependencies = [
    { name = "email-validator" },
    { name = "jinja2" },
    { name = "markdown" },
    { name = "phonenumbers" },
    { name = "pydantic" },
    { name = "pydantic-extra-types" },
    { name = "pymupdf" },
    { name = "ruamel-yaml" },
    { name = "typer" },
]
sdist = { url = "https://files.pythonhosted.org/packages/8a/cc/424b929b1c88c2832ee67ff952532b4e9d47cb3b1b6e670a44a6e6cf91de/rendercv-1.14.tar.gz", hash = "sha256:acae40b8e537aabf8b3f72549bf193d7cbe84d259e2e56924a7ea3329190d8d3", size = 59360465, upload-time = "2024-09-07T23:31:43.016Z" }
wheels = [
    { url = "https://files.pythonhosted.org/packages/8e/4e/4a4c177c951ae30bdec2bfba9f649a74de260b76f2b122c6488b07a46b65/rendercv-1.14-py3-none-any.whl", hash = "sha256:96cc0bd34aefe2696e117c79d7cd13fb51121d531dca539749b7c74191f8503e", size = 48061428, upload-time = "2024-09-07T23:31:37.86Z" },
]

[[package]]
name = "rich"
version = "13.9.2"
source = { registry = "https://pypi.org/simple" }
dependencies = [
    { name = "markdown-it-py" },
    { name = "pygments" },
]
sdist = { url = "https://files.pythonhosted.org/packages/aa/9e/1784d15b057b0075e5136445aaea92d23955aad2c93eaede673718a40d95/rich-13.9.2.tar.gz", hash = "sha256:51a2c62057461aaf7152b4d611168f93a9fc73068f8ded2790f29fe2b5366d0c", size = 222843, upload-time = "2024-10-04T11:50:31.453Z" }
wheels = [
    { url = "https://files.pythonhosted.org/packages/67/91/5474b84e505a6ccc295b2d322d90ff6aa0746745717839ee0c5fb4fdcceb/rich-13.9.2-py3-none-any.whl", hash = "sha256:8c82a3d3f8dcfe9e734771313e606b39d8247bb6b826e196f4914b333b743cf1", size = 242117, upload-time = "2024-10-04T11:50:29.123Z" },
]

[[package]]
name = "ruamel-yaml"
version = "0.18.6"
source = { registry = "https://pypi.org/simple" }
dependencies = [
    { name = "ruamel-yaml-clib", marker = "platform_python_implementation == 'CPython'" },
]
sdist = { url = "https://files.pythonhosted.org/packages/29/81/4dfc17eb6ebb1aac314a3eb863c1325b907863a1b8b1382cdffcb6ac0ed9/ruamel.yaml-0.18.6.tar.gz", hash = "sha256:8b27e6a217e786c6fbe5634d8f3f11bc63e0f80f6a5890f28863d9c45aac311b", size = 143362, upload-time = "2024-02-07T06:47:20.283Z" }
wheels = [
    { url = "https://files.pythonhosted.org/packages/73/67/8ece580cc363331d9a53055130f86b096bf16e38156e33b1d3014fffda6b/ruamel.yaml-0.18.6-py3-none-any.whl", hash = "sha256:57b53ba33def16c4f3d807c0ccbc00f8a6081827e81ba2491691b76882d0c636", size = 117761, upload-time = "2024-02-07T06:47:14.898Z" },
]

[[package]]
name = "ruamel-yaml-clib"
version = "0.2.12"
source = { registry = "https://pypi.org/simple" }
sdist = { url = "https://files.pythonhosted.org/packages/20/84/80203abff8ea4993a87d823a5f632e4d92831ef75d404c9fc78d0176d2b5/ruamel.yaml.clib-0.2.12.tar.gz", hash = "sha256:6c8fbb13ec503f99a91901ab46e0b07ae7941cd527393187039aec586fdfd36f", size = 225315, upload-time = "2024-10-20T10:10:56.22Z" }
wheels = [
    { url = "https://files.pythonhosted.org/packages/48/41/e7a405afbdc26af961678474a55373e1b323605a4f5e2ddd4a80ea80f628/ruamel.yaml.clib-0.2.12-cp312-cp312-macosx_14_0_arm64.whl", hash = "sha256:20b0f8dc160ba83b6dcc0e256846e1a02d044e13f7ea74a3d1d56ede4e48c632", size = 133433, upload-time = "2024-10-20T10:12:55.657Z" },
    { url = "https://files.pythonhosted.org/packages/ec/b0/b850385604334c2ce90e3ee1013bd911aedf058a934905863a6ea95e9eb4/ruamel.yaml.clib-0.2.12-cp312-cp312-manylinux2014_aarch64.whl", hash = "sha256:943f32bc9dedb3abff9879edc134901df92cfce2c3d5c9348f172f62eb2d771d", size = 647362, upload-time = "2024-10-20T10:12:57.155Z" },
    { url = "https://files.pythonhosted.org/packages/44/d0/3f68a86e006448fb6c005aee66565b9eb89014a70c491d70c08de597f8e4/ruamel.yaml.clib-0.2.12-cp312-cp312-manylinux_2_17_x86_64.manylinux2014_x86_64.whl", hash = "sha256:95c3829bb364fdb8e0332c9931ecf57d9be3519241323c5274bd82f709cebc0c", size = 754118, upload-time = "2024-10-20T10:12:58.501Z" },
    { url = "https://files.pythonhosted.org/packages/52/a9/d39f3c5ada0a3bb2870d7db41901125dbe2434fa4f12ca8c5b83a42d7c53/ruamel.yaml.clib-0.2.12-cp312-cp312-manylinux_2_5_i686.manylinux1_i686.manylinux_2_17_i686.manylinux2014_i686.whl", hash = "sha256:749c16fcc4a2b09f28843cda5a193e0283e47454b63ec4b81eaa2242f50e4ccd", size = 706497, upload-time = "2024-10-20T10:13:00.211Z" },
    { url = "https://files.pythonhosted.org/packages/b0/fa/097e38135dadd9ac25aecf2a54be17ddf6e4c23e43d538492a90ab3d71c6/ruamel.yaml.clib-0.2.12-cp312-cp312-musllinux_1_1_i686.whl", hash = "sha256:bf165fef1f223beae7333275156ab2022cffe255dcc51c27f066b4370da81e31", size = 698042, upload-time = "2024-10-21T11:26:46.038Z" },
    { url = "https://files.pythonhosted.org/packages/ec/d5/a659ca6f503b9379b930f13bc6b130c9f176469b73b9834296822a83a132/ruamel.yaml.clib-0.2.12-cp312-cp312-musllinux_1_1_x86_64.whl", hash = "sha256:32621c177bbf782ca5a18ba4d7af0f1082a3f6e517ac2a18b3974d4edf349680", size = 745831, upload-time = "2024-10-21T11:26:47.487Z" },
    { url = "https://files.pythonhosted.org/packages/db/5d/36619b61ffa2429eeaefaab4f3374666adf36ad8ac6330d855848d7d36fd/ruamel.yaml.clib-0.2.12-cp312-cp312-musllinux_1_2_aarch64.whl", hash = "sha256:b82a7c94a498853aa0b272fd5bc67f29008da798d4f93a2f9f289feb8426a58d", size = 715692, upload-time = "2024-12-11T19:58:17.252Z" },
    { url = "https://files.pythonhosted.org/packages/b1/82/85cb92f15a4231c89b95dfe08b09eb6adca929ef7df7e17ab59902b6f589/ruamel.yaml.clib-0.2.12-cp312-cp312-win32.whl", hash = "sha256:e8c4ebfcfd57177b572e2040777b8abc537cdef58a2120e830124946aa9b42c5", size = 98777, upload-time = "2024-10-20T10:13:01.395Z" },
    { url = "https://files.pythonhosted.org/packages/d7/8f/c3654f6f1ddb75daf3922c3d8fc6005b1ab56671ad56ffb874d908bfa668/ruamel.yaml.clib-0.2.12-cp312-cp312-win_amd64.whl", hash = "sha256:0467c5965282c62203273b838ae77c0d29d7638c8a4e3a1c8bdd3602c10904e4", size = 115523, upload-time = "2024-10-20T10:13:02.768Z" },
]

[[package]]
name = "shellingham"
version = "1.5.4"
source = { registry = "https://pypi.org/simple" }
sdist = { url = "https://files.pythonhosted.org/packages/58/15/8b3609fd3830ef7b27b655beb4b4e9c62313a4e8da8c676e142cc210d58e/shellingham-1.5.4.tar.gz", hash = "sha256:8dbca0739d487e5bd35ab3ca4b36e11c4078f3a234bfce294b0a0291363404de", size = 10310, upload-time = "2023-10-24T04:13:40.426Z" }
wheels = [
    { url = "https://files.pythonhosted.org/packages/e0/f9/0595336914c5619e5f28a1fb793285925a8cd4b432c9da0a987836c7f822/shellingham-1.5.4-py2.py3-none-any.whl", hash = "sha256:7ecfff8f2fd72616f7481040475a65b2bf8af90a56c89140852d1120324e8686", size = 9755, upload-time = "2023-10-24T04:13:38.866Z" },
]

[[package]]
name = "typer"
version = "0.12.5"
source = { registry = "https://pypi.org/simple" }
dependencies = [
    { name = "click" },
    { name = "rich" },
    { name = "shellingham" },
    { name = "typing-extensions" },
]
sdist = { url = "https://files.pythonhosted.org/packages/c5/58/a79003b91ac2c6890fc5d90145c662fd5771c6f11447f116b63300436bc9/typer-0.12.5.tar.gz", hash = "sha256:f592f089bedcc8ec1b974125d64851029c3b1af145f04aca64d69410f0c9b722", size = 98953, upload-time = "2024-08-24T21:17:57.346Z" }
wheels = [
    { url = "https://files.pythonhosted.org/packages/a8/2b/886d13e742e514f704c33c4caa7df0f3b89e5a25ef8db02aa9ca3d9535d5/typer-0.12.5-py3-none-any.whl", hash = "sha256:62fe4e471711b147e3365034133904df3e235698399bc4de2b36c8579298d52b", size = 47288, upload-time = "2024-08-24T21:17:55.451Z" },
]

[[package]]
name = "typing-extensions"
version = "4.12.2"
source = { registry = "https://pypi.org/simple" }
sdist = { url = "https://files.pythonhosted.org/packages/df/db/f35a00659bc03fec321ba8bce9420de607a1d37f8342eee1863174c69557/typing_extensions-4.12.2.tar.gz", hash = "sha256:1a7ead55c7e559dd4dee8856e3a88b41225abfe1ce8df57b7c13915fe121ffb8", size = 85321, upload-time = "2024-06-07T18:52:15.995Z" }
wheels = [
    { url = "https://files.pythonhosted.org/packages/26/9f/ad63fc0248c5379346306f8668cda6e2e2e9c95e01216d2b8ffd9ff037d0/typing_extensions-4.12.2-py3-none-any.whl", hash = "sha256:04e5ca0351e0f3f85c6853954072df659d0d13fac324d0072316b67d7794700d", size = 37438, upload-time = "2024-06-07T18:52:13.582Z" },
]

[[package]]
name = "tzdata"
version = "2024.2"
source = { registry = "https://pypi.org/simple" }
sdist = { url = "https://files.pythonhosted.org/packages/e1/34/943888654477a574a86a98e9896bae89c7aa15078ec29f490fef2f1e5384/tzdata-2024.2.tar.gz", hash = "sha256:7d85cc416e9382e69095b7bdf4afd9e3880418a2413feec7069d533d6b4e31cc", size = 193282, upload-time = "2024-09-23T18:56:46.89Z" }
wheels = [
    { url = "https://files.pythonhosted.org/packages/a6/ab/7e5f53c3b9d14972843a647d8d7a853969a58aecc7559cb3267302c94774/tzdata-2024.2-py2.py3-none-any.whl", hash = "sha256:a48093786cdcde33cad18c2555e8532f34422074448fbc874186f0abd79565cd", size = 346586, upload-time = "2024-09-23T18:56:45.478Z" },
]
