version = 1
revision = 3
requires-python = "==3.12.*"

[[package]]
name = "annotated-doc"
version = "0.0.4"
source = { registry = "https://pypi.org/simple" }
sdist = { url = "https://files.pythonhosted.org/packages/57/ba/046ceea27344560984e26a590f90bc7f4a75b06701f653222458922b558c/annotated_doc-0.0.4.tar.gz", hash = "sha256:fbcda96e87e9c92ad167c2e53839e57503ecfda18804ea28102353485033faa4", size = 7288, upload-time = "2025-11-10T22:07:42.062Z" }
wheels = [
    { url = "https://files.pythonhosted.org/packages/1e/d3/26bf1008eb3d2daa8ef4cacc7f3bfdc11818d111f7e2d0201bc6e3b49d45/annotated_doc-0.0.4-py3-none-any.whl", hash = "sha256:571ac1dc6991c450b25a9c2d84a3705e2ae7a53467b5d111c24fa8baabbed320", size = 5303, upload-time = "2025-11-10T22:07:40.673Z" },
]

[[package]]
name = "annotated-types"
version = "0.7.0"
source = { registry = "https://pypi.org/simple" }
sdist = { url = "https://files.pythonhosted.org/packages/ee/67/531ea369ba64dcff5ec9c3402f9f51bf748cec26dde048a2f973a4eea7f5/annotated_types-0.7.0.tar.gz", hash = "sha256:aff07c09a53a08bc8cfccb9c85b05f1aa9a2a6f23728d790723543408344ce89", size = 16081, upload-time = "2024-05-20T21:33:25.928Z" }
wheels = [
    { url = "https://files.pythonhosted.org/packages/78/b6/6307fbef88d9b5ee7421e68d78a9f162e0da4900bc5f5793f6d3d0e34fb8/annotated_types-0.7.0-py3-none-any.whl", hash = "sha256:1f02e8b43a8fbbc3f3e0d4f0f4bfc8131bcb4eebe8849b8e5c773f3a1c582a53", size = 13643, upload-time = "2024-05-20T21:33:24.1Z" },
]

[[package]]
name = "click"
version = "8.3.2"
source = { registry = "https://pypi.org/simple" }
dependencies = [
    { name = "colorama", marker = "sys_platform == 'win32'" },
]
sdist = { url = "https://files.pythonhosted.org/packages/57/75/31212c6bf2503fdf920d87fee5d7a86a2e3bcf444984126f13d8e4016804/click-8.3.2.tar.gz", hash = "sha256:14162b8b3b3550a7d479eafa77dfd3c38d9dc8951f6f69c78913a8f9a7540fd5", size = 302856, upload-time = "2026-04-03T19:14:45.118Z" }
wheels = [
    { url = "https://files.pythonhosted.org/packages/e4/20/71885d8b97d4f3dde17b1fdb92dbd4908b00541c5a3379787137285f602e/click-8.3.2-py3-none-any.whl", hash = "sha256:1924d2c27c5653561cd2cae4548d1406039cb79b858b747cfea24924bbc1616d", size = 108379, upload-time = "2026-04-03T19:14:43.505Z" },
]

[[package]]
name = "colorama"
version = "0.4.6"
source = { registry = "https://pypi.org/simple" }
sdist = { url = "https://files.pythonhosted.org/packages/d8/53/6f443c9a4a8358a93a6792e2acffb9d9d5cb0a5cfd8802644b7b1c9a02e4/colorama-0.4.6.tar.gz", hash = "sha256:08695f5cb7ed6e0531a20572697297273c47b8cae5a63ffc6d6ed5c201be6e44", size = 27697, upload-time = "2022-10-25T02:36:22.414Z" }
wheels = [
    { url = "https://files.pythonhosted.org/packages/d1/d6/3965ed04c63042e047cb6a3e6ed1a63a35087b6a609aa3a15ed8ac56c221/colorama-0.4.6-py2.py3-none-any.whl", hash = "sha256:4f1d9991f5acc0ca119f9d443620b77f9d6b33703e51011c16baf57afb285fc6", size = 25335, upload-time = "2022-10-25T02:36:20.889Z" },
]

[[package]]
name = "cv"
version = "0.2.0"
source = { virtual = "." }
dependencies = [
    { name = "rendercv", extra = ["full"] },
]

[package.metadata]
requires-dist = [{ name = "rendercv", extras = ["full"], specifier = "~=2.0" }]

[[package]]
name = "dnspython"
version = "2.8.0"
source = { registry = "https://pypi.org/simple" }
sdist = { url = "https://files.pythonhosted.org/packages/8c/8b/57666417c0f90f08bcafa776861060426765fdb422eb10212086fb811d26/dnspython-2.8.0.tar.gz", hash = "sha256:181d3c6996452cb1189c4046c61599b84a5a86e099562ffde77d26984ff26d0f", size = 368251, upload-time = "2025-09-07T18:58:00.022Z" }
wheels = [
    { url = "https://files.pythonhosted.org/packages/ba/5a/18ad964b0086c6e62e2e7500f7edc89e3faa45033c71c1893d34eed2b2de/dnspython-2.8.0-py3-none-any.whl", hash = "sha256:01d9bbc4a2d76bf0db7c1f729812ded6d912bd318d3b1cf81d30c0f845dbf3af", size = 331094, upload-time = "2025-09-07T18:57:58.071Z" },
]

[[package]]
name = "email-validator"
version = "2.3.0"
source = { registry = "https://pypi.org/simple" }
dependencies = [
    { name = "dnspython" },
    { name = "idna" },
]
sdist = { url = "https://files.pythonhosted.org/packages/f5/22/900cb125c76b7aaa450ce02fd727f452243f2e91a61af068b40adba60ea9/email_validator-2.3.0.tar.gz", hash = "sha256:9fc05c37f2f6cf439ff414f8fc46d917929974a82244c20eb10231ba60c54426", size = 51238, upload-time = "2025-08-26T13:09:06.831Z" }
wheels = [
    { url = "https://files.pythonhosted.org/packages/de/15/545e2b6cf2e3be84bc1ed85613edd75b8aea69807a71c26f4ca6a9258e82/email_validator-2.3.0-py3-none-any.whl", hash = "sha256:80f13f623413e6b197ae73bb10bf4eb0908faf509ad8362c5edeb0be7fd450b4", size = 35604, upload-time = "2025-08-26T13:09:05.858Z" },
]

[[package]]
name = "idna"
version = "3.11"
source = { registry = "https://pypi.org/simple" }
sdist = { url = "https://files.pythonhosted.org/packages/6f/6d/0703ccc57f3a7233505399edb88de3cbd678da106337b9fcde432b65ed60/idna-3.11.tar.gz", hash = "sha256:795dafcc9c04ed0c1fb032c2aa73654d8e8c5023a7df64a53f39190ada629902", size = 194582, upload-time = "2025-10-12T14:55:20.501Z" }
wheels = [
    { url = "https://files.pythonhosted.org/packages/0e/61/66938bbb5fc52dbdf84594873d5b51fb1f7c7794e9c0f5bd885f30bc507b/idna-3.11-py3-none-any.whl", hash = "sha256:771a87f49d9defaf64091e6e6fe9c18d4833f140bd19464795bc32d966ca37ea", size = 71008, upload-time = "2025-10-12T14:55:18.883Z" },
]

[[package]]
name = "jinja2"
version = "3.1.6"
source = { registry = "https://pypi.org/simple" }
dependencies = [
    { name = "markupsafe" },
]
sdist = { url = "https://files.pythonhosted.org/packages/df/bf/f7da0350254c0ed7c72f3e33cef02e048281fec7ecec5f032d4aac52226b/jinja2-3.1.6.tar.gz", hash = "sha256:0137fb05990d35f1275a587e9aee6d56da821fc83491a0fb838183be43f66d6d", size = 245115, upload-time = "2025-03-05T20:05:02.478Z" }
wheels = [
    { url = "https://files.pythonhosted.org/packages/62/a1/3d680cbfd5f4b8f15abc1d571870c5fc3e594bb582bc3b64ea099db13e56/jinja2-3.1.6-py3-none-any.whl", hash = "sha256:85ece4451f492d0c13c5dd7c13a64681a86afae63a5f347908daf103ce6d2f67", size = 134899, upload-time = "2025-03-05T20:05:00.369Z" },
]

[[package]]
name = "markdown"
version = "3.10.2"
source = { registry = "https://pypi.org/simple" }
sdist = { url = "https://files.pythonhosted.org/packages/2b/f4/69fa6ed85ae003c2378ffa8f6d2e3234662abd02c10d216c0ba96081a238/markdown-3.10.2.tar.gz", hash = "sha256:994d51325d25ad8aa7ce4ebaec003febcce822c3f8c911e3b17c52f7f589f950", size = 368805, upload-time = "2026-02-09T14:57:26.942Z" }
wheels = [
    { url = "https://files.pythonhosted.org/packages/de/1f/77fa3081e4f66ca3576c896ae5d31c3002ac6607f9747d2e3aa49227e464/markdown-3.10.2-py3-none-any.whl", hash = "sha256:e91464b71ae3ee7afd3017d9f358ef0baf158fd9a298db92f1d4761133824c36", size = 108180, upload-time = "2026-02-09T14:57:25.787Z" },
]

[[package]]
name = "markdown-it-py"
version = "4.0.0"
source = { registry = "https://pypi.org/simple" }
dependencies = [
    { name = "mdurl" },
]
sdist = { url = "https://files.pythonhosted.org/packages/5b/f5/4ec618ed16cc4f8fb3b701563655a69816155e79e24a17b651541804721d/markdown_it_py-4.0.0.tar.gz", hash = "sha256:cb0a2b4aa34f932c007117b194e945bd74e0ec24133ceb5bac59009cda1cb9f3", size = 73070, upload-time = "2025-08-11T12:57:52.854Z" }
wheels = [
    { url = "https://files.pythonhosted.org/packages/94/54/e7d793b573f298e1c9013b8c4dade17d481164aa517d1d7148619c2cedbf/markdown_it_py-4.0.0-py3-none-any.whl", hash = "sha256:87327c59b172c5011896038353a81343b6754500a08cd7a4973bb48c6d578147", size = 87321, upload-time = "2025-08-11T12:57:51.923Z" },
]

[[package]]
name = "markupsafe"
version = "3.0.3"
source = { registry = "https://pypi.org/simple" }
sdist = { url = "https://files.pythonhosted.org/packages/7e/99/7690b6d4034fffd95959cbe0c02de8deb3098cc577c67bb6a24fe5d7caa7/markupsafe-3.0.3.tar.gz", hash = "sha256:722695808f4b6457b320fdc131280796bdceb04ab50fe1795cd540799ebe1698", size = 80313, upload-time = "2025-09-27T18:37:40.426Z" }
wheels = [
    { url = "https://files.pythonhosted.org/packages/5a/72/147da192e38635ada20e0a2e1a51cf8823d2119ce8883f7053879c2199b5/markupsafe-3.0.3-cp312-cp312-macosx_10_13_x86_64.whl", hash = "sha256:d53197da72cc091b024dd97249dfc7794d6a56530370992a5e1a08983ad9230e", size = 11615, upload-time = "2025-09-27T18:36:30.854Z" },
    { url = "https://files.pythonhosted.org/packages/9a/81/7e4e08678a1f98521201c3079f77db69fb552acd56067661f8c2f534a718/markupsafe-3.0.3-cp312-cp312-macosx_11_0_arm64.whl", hash = "sha256:1872df69a4de6aead3491198eaf13810b565bdbeec3ae2dc8780f14458ec73ce", size = 12020, upload-time = "2025-09-27T18:36:31.971Z" },
    { url = "https://files.pythonhosted.org/packages/1e/2c/799f4742efc39633a1b54a92eec4082e4f815314869865d876824c257c1e/markupsafe-3.0.3-cp312-cp312-manylinux2014_aarch64.manylinux_2_17_aarch64.manylinux_2_28_aarch64.whl", hash = "sha256:3a7e8ae81ae39e62a41ec302f972ba6ae23a5c5396c8e60113e9066ef893da0d", size = 24332, upload-time = "2025-09-27T18:36:32.813Z" },
    { url = "https://files.pythonhosted.org/packages/3c/2e/8d0c2ab90a8c1d9a24f0399058ab8519a3279d1bd4289511d74e909f060e/markupsafe-3.0.3-cp312-cp312-manylinux2014_x86_64.manylinux_2_17_x86_64.manylinux_2_28_x86_64.whl", hash = "sha256:d6dd0be5b5b189d31db7cda48b91d7e0a9795f31430b7f271219ab30f1d3ac9d", size = 22947, upload-time = "2025-09-27T18:36:33.86Z" },
    { url = "https://files.pythonhosted.org/packages/2c/54/887f3092a85238093a0b2154bd629c89444f395618842e8b0c41783898ea/markupsafe-3.0.3-cp312-cp312-manylinux_2_31_riscv64.manylinux_2_39_riscv64.whl", hash = "sha256:94c6f0bb423f739146aec64595853541634bde58b2135f27f61c1ffd1cd4d16a", size = 21962, upload-time = "2025-09-27T18:36:35.099Z" },
    { url = "https://files.pythonhosted.org/packages/c9/2f/336b8c7b6f4a4d95e91119dc8521402461b74a485558d8f238a68312f11c/markupsafe-3.0.3-cp312-cp312-musllinux_1_2_aarch64.whl", hash = "sha256:be8813b57049a7dc738189df53d69395eba14fb99345e0a5994914a3864c8a4b", size = 23760, upload-time = "2025-09-27T18:36:36.001Z" },
    { url = "https://files.pythonhosted.org/packages/32/43/67935f2b7e4982ffb50a4d169b724d74b62a3964bc1a9a527f5ac4f1ee2b/markupsafe-3.0.3-cp312-cp312-musllinux_1_2_riscv64.whl", hash = "sha256:83891d0e9fb81a825d9a6d61e3f07550ca70a076484292a70fde82c4b807286f", size = 21529, upload-time = "2025-09-27T18:36:36.906Z" },
    { url = "https://files.pythonhosted.org/packages/89/e0/4486f11e51bbba8b0c041098859e869e304d1c261e59244baa3d295d47b7/markupsafe-3.0.3-cp312-cp312-musllinux_1_2_x86_64.whl", hash = "sha256:77f0643abe7495da77fb436f50f8dab76dbc6e5fd25d39589a0f1fe6548bfa2b", size = 23015, upload-time = "2025-09-27T18:36:37.868Z" },
    { url = "https://files.pythonhosted.org/packages/2f/e1/78ee7a023dac597a5825441ebd17170785a9dab23de95d2c7508ade94e0e/markupsafe-3.0.3-cp312-cp312-win32.whl", hash = "sha256:d88b440e37a16e651bda4c7c2b930eb586fd15ca7406cb39e211fcff3bf3017d", size = 14540, upload-time = "2025-09-27T18:36:38.761Z" },
    { url = "https://files.pythonhosted.org/packages/aa/5b/bec5aa9bbbb2c946ca2733ef9c4ca91c91b6a24580193e891b5f7dbe8e1e/markupsafe-3.0.3-cp312-cp312-win_amd64.whl", hash = "sha256:26a5784ded40c9e318cfc2bdb30fe164bdb8665ded9cd64d500a34fb42067b1c", size = 15105, upload-time = "2025-09-27T18:36:39.701Z" },
    { url = "https://files.pythonhosted.org/packages/e5/f1/216fc1bbfd74011693a4fd837e7026152e89c4bcf3e77b6692fba9923123/markupsafe-3.0.3-cp312-cp312-win_arm64.whl", hash = "sha256:35add3b638a5d900e807944a078b51922212fb3dedb01633a8defc4b01a3c85f", size = 13906, upload-time = "2025-09-27T18:36:40.689Z" },
]

[[package]]
name = "mdurl"
version = "0.1.2"
source = { registry = "https://pypi.org/simple" }
sdist = { url = "https://files.pythonhosted.org/packages/d6/54/cfe61301667036ec958cb99bd3efefba235e65cdeb9c84d24a8293ba1d90/mdurl-0.1.2.tar.gz", hash = "sha256:bb413d29f5eea38f31dd4754dd7377d4465116fb207585f97bf925588687c1ba", size = 8729, upload-time = "2022-08-14T12:40:10.846Z" }
wheels = [
    { url = "https://files.pythonhosted.org/packages/b3/38/89ba8ad64ae25be8de66a6d463314cf1eb366222074cfda9ee839c56a4b4/mdurl-0.1.2-py3-none-any.whl", hash = "sha256:84008a41e51615a49fc9966191ff91509e3c40b939176e643fd50a5c2196b8f8", size = 9979, upload-time = "2022-08-14T12:40:09.779Z" },
]

[[package]]
name = "packaging"
version = "26.1"
source = { registry = "https://pypi.org/simple" }
sdist = { url = "https://files.pythonhosted.org/packages/df/de/0d2b39fb4af88a0258f3bac87dfcbb48e73fbdea4a2ed0e2213f9a4c2f9a/packaging-26.1.tar.gz", hash = "sha256:f042152b681c4bfac5cae2742a55e103d27ab2ec0f3d88037136b6bfe7c9c5de", size = 215519, upload-time = "2026-04-14T21:12:49.362Z" }
wheels = [
    { url = "https://files.pythonhosted.org/packages/7a/c2/920ef838e2f0028c8262f16101ec09ebd5969864e5a64c4c05fad0617c56/packaging-26.1-py3-none-any.whl", hash = "sha256:5d9c0669c6285e491e0ced2eee587eaf67b670d94a19e94e3984a481aba6802f", size = 95831, upload-time = "2026-04-14T21:12:47.56Z" },
]

[[package]]
name = "phonenumbers"
version = "9.0.28"
source = { registry = "https://pypi.org/simple" }
sdist = { url = "https://files.pythonhosted.org/packages/db/72/97fd1961e3d6f8323b1396669c346557a8581874e2c2a478a83dc5d616e7/phonenumbers-9.0.28.tar.gz", hash = "sha256:f1d810aaa43fbf3a5cb1ee54733218f8333a2a92c85c4d579a810403d6260a8c", size = 2298779, upload-time = "2026-04-13T14:19:50.741Z" }
wheels = [
    { url = "https://files.pythonhosted.org/packages/68/bd/5e55cea252bf21402a2d5f2479edd7e24a4c9ebbe59f197080d0d4cd9093/phonenumbers-9.0.28-py2.py3-none-any.whl", hash = "sha256:ee8caabab4fd554efb6119e7b95cb69da40e0f04050611730eed839d93f39920", size = 2585077, upload-time = "2026-04-13T14:16:09.853Z" },
]

[[package]]
name = "pydantic"
version = "2.13.2"
source = { registry = "https://pypi.org/simple" }
dependencies = [
    { name = "annotated-types" },
    { name = "pydantic-core" },
    { name = "typing-extensions" },
    { name = "typing-inspection" },
]
sdist = { url = "https://files.pythonhosted.org/packages/09/e5/06d23afac9973109d1e3c8ad38e1547a12e860610e327c05ee686827dc37/pydantic-2.13.2.tar.gz", hash = "sha256:b418196607e61081c3226dcd4f0672f2a194828abb9109e9cfb84026564df2d1", size = 843836, upload-time = "2026-04-17T09:31:59.636Z" }
wheels = [
    { url = "https://files.pythonhosted.org/packages/77/ca/b45c378e6e8d0b90577288b533e04e95b7afd61bb1d51b6c263176435489/pydantic-2.13.2-py3-none-any.whl", hash = "sha256:a525087f4c03d7e7456a3de89b64cd693d2229933bb1068b9af6befd5563694e", size = 471947, upload-time = "2026-04-17T09:31:57.541Z" },
]

[package.optional-dependencies]
email = [
    { name = "email-validator" },
]

[[package]]
name = "pydantic-core"
version = "2.46.2"
source = { registry = "https://pypi.org/simple" }
dependencies = [
    { name = "typing-extensions" },
]
sdist = { url = "https://files.pythonhosted.org/packages/43/bb/4742f05b739b2478459bb16fa8470549518c802e06ddcf3f106c5081315e/pydantic_core-2.46.2.tar.gz", hash = "sha256:37bb079f9ee3f1a519392b73fda2a96379b31f2013c6b467fe693e7f2987f596", size = 471269, upload-time = "2026-04-17T09:10:07.017Z" }
wheels = [
    { url = "https://files.pythonhosted.org/packages/97/ec/2fafa4c86f5d2a69372c7cddef30925fd0e370b1efaf556609c1a0196d8a/pydantic_core-2.46.2-cp312-cp312-macosx_10_12_x86_64.whl", hash = "sha256:ea1ad8c89da31512fe2d249cf0638fb666925bda341901541bc5f3311c6fcc9e", size = 2101729, upload-time = "2026-04-17T09:12:30.042Z" },
    { url = "https://files.pythonhosted.org/packages/cf/55/be5386c2c4b49af346e8a26b748194ff25757bbb6cf544130854e997af7a/pydantic_core-2.46.2-cp312-cp312-macosx_11_0_arm64.whl", hash = "sha256:b308da17b92481e0587244631c5529e5d91d04cb2b08194825627b1eca28e21e", size = 1951546, upload-time = "2026-04-17T09:10:10.585Z" },
    { url = "https://files.pythonhosted.org/packages/29/92/89e273a055ce440e6636c756379af35ad86da9d336a560049c3ba5e41c80/pydantic_core-2.46.2-cp312-cp312-manylinux_2_17_aarch64.manylinux2014_aarch64.whl", hash = "sha256:d333a50bdd814a917d8d6a7ee35ba2395d53ddaa882613bc24e54a9d8b129095", size = 1976178, upload-time = "2026-04-17T09:11:49.619Z" },
    { url = "https://files.pythonhosted.org/packages/91/b3/e4664469cf70c0cb0f7b2f5719d64e5968bb6f38217042c2afa3d3c4ba17/pydantic_core-2.46.2-cp312-cp312-manylinux_2_17_armv7l.manylinux2014_armv7l.whl", hash = "sha256:1d00b99590c5bd1fabbc5d28b170923e32c1b1071b1f1de1851a4d14d89eb192", size = 2051697, upload-time = "2026-04-17T09:12:04.917Z" },
    { url = "https://files.pythonhosted.org/packages/98/58/dbf68213ee06ce51cdd6d8c95f97980e646858c45bd96bd2dfb40433be73/pydantic_core-2.46.2-cp312-cp312-manylinux_2_17_ppc64le.manylinux2014_ppc64le.whl", hash = "sha256:9f0e686960ffe9e65066395af856ac2d52c159043144433602c50c221d81c1ba", size = 2233160, upload-time = "2026-04-17T09:12:00.956Z" },
    { url = "https://files.pythonhosted.org/packages/f5/d3/68092aa0ee6c60ff4de4740eb82db3d4ce338ec89b3cecb978c532472f12/pydantic_core-2.46.2-cp312-cp312-manylinux_2_17_s390x.manylinux2014_s390x.whl", hash = "sha256:2d1128da41c9cb474e0a4701f9c363ec645c9d1a02229904c76bf4e0a194fde2", size = 2298398, upload-time = "2026-04-17T09:10:29.694Z" },
    { url = "https://files.pythonhosted.org/packages/e4/51/5d6155eb737db55b0ad354ca5f333ef009f75feb67df2d79a84bace45af6/pydantic_core-2.46.2-cp312-cp312-manylinux_2_17_x86_64.manylinux2014_x86_64.whl", hash = "sha256:48649cf2d8c358d79586e9fb2f8235902fcaa2d969ec1c5301f2d1873b2f8321", size = 2094058, upload-time = "2026-04-17T09:12:10.995Z" },
    { url = "https://files.pythonhosted.org/packages/6b/f3/eb4a986197d71319430464ff181226c95adc8f06d932189b158bae5a82f5/pydantic_core-2.46.2-cp312-cp312-manylinux_2_31_riscv64.whl", hash = "sha256:b902f0fc7c2cf503865a05718b68147c6cd5d0a3867af38c527be574a9fa6e9d", size = 2130388, upload-time = "2026-04-17T09:12:41.159Z" },
    { url = "https://files.pythonhosted.org/packages/56/00/44a9c4fe6d0f64b5786d6a8c649d6f0e34ba6c89b3663add1066e54451a2/pydantic_core-2.46.2-cp312-cp312-manylinux_2_5_i686.manylinux1_i686.whl", hash = "sha256:e80011f808b03d1d87a8f1e76ae3da19a18eb706c823e17981dcf1fae43744fc", size = 2184245, upload-time = "2026-04-17T09:12:36.532Z" },
    { url = "https://files.pythonhosted.org/packages/78/6b/685b98a834d5e3d1c34a1bde1627525559dd223b75075bc7490cdb24eb33/pydantic_core-2.46.2-cp312-cp312-musllinux_1_1_aarch64.whl", hash = "sha256:b839d5c802e31348b949b6473f8190cddbf7d47475856d8ac995a373ee16ec59", size = 2186842, upload-time = "2026-04-17T09:13:04.054Z" },
    { url = "https://files.pythonhosted.org/packages/22/64/caa2f5a2ac8b6113adaa410ccdf31ba7f54897a6e54cd0d726fc7e780c88/pydantic_core-2.46.2-cp312-cp312-musllinux_1_1_armv7l.whl", hash = "sha256:c6b1064f3f9cf9072e1d59dd2936f9f3b668bec1c37039708c9222db703c0d5b", size = 2336066, upload-time = "2026-04-17T09:12:13.006Z" },
    { url = "https://files.pythonhosted.org/packages/ee/f9/7d2701bf82945b5b9e7df8347be97ef6a36da2846bfe5b4afec299ffe27b/pydantic_core-2.46.2-cp312-cp312-musllinux_1_1_x86_64.whl", hash = "sha256:37a68e6f2ac95578ce3c0564802404b27b24988649616e556c07e77111ed3f1d", size = 2363691, upload-time = "2026-04-17T09:13:42.972Z" },
    { url = "https://files.pythonhosted.org/packages/3b/65/0dab11574101522941055109419db3cc09db871643dc3fc74e2413215e5b/pydantic_core-2.46.2-cp312-cp312-win32.whl", hash = "sha256:d9ffa75a7ef4b97d6e5e205fabd4304ef01fec09e6f1bdde04b9ad1b07d20289", size = 1958801, upload-time = "2026-04-17T09:11:31.981Z" },
    { url = "https://files.pythonhosted.org/packages/13/2b/df84baa609c676f6450b8ecad44ea59146c805e3371b7b52443c0899f989/pydantic_core-2.46.2-cp312-cp312-win_amd64.whl", hash = "sha256:0551f2d2ddb68af5a00e26497f8025c538f73ef3cb698f8e5a487042cd2792a8", size = 2072634, upload-time = "2026-04-17T09:11:02.407Z" },
    { url = "https://files.pythonhosted.org/packages/d1/4e/e1ce8029fc438086a946739bf9d596f70ff470aad4a8345555920618cabe/pydantic_core-2.46.2-cp312-cp312-win_arm64.whl", hash = "sha256:83aef30f106edcc21a6a4cc44b82d3169a1dbe255508db788e778f3c804d3583", size = 2026188, upload-time = "2026-04-17T09:13:11.083Z" },
    { url = "https://files.pythonhosted.org/packages/f3/d2/66c146f421178641bda880b0267c0d57dd84f5fec9ecc8e46be17b480742/pydantic_core-2.46.2-graalpy312-graalpy250_312_native-macosx_10_12_x86_64.whl", hash = "sha256:e9fcabd1857492b5bf16f90258babde50f618f55d046b1309972da2396321ff9", size = 2091621, upload-time = "2026-04-17T09:12:47.501Z" },
    { url = "https://files.pythonhosted.org/packages/ee/b2/c28419aa9fc8055f4ac8e801d1d11c6357351bfa4321ed9bafab3eb98087/pydantic_core-2.46.2-graalpy312-graalpy250_312_native-macosx_11_0_arm64.whl", hash = "sha256:fb3ec2c7f54c07b30d89983ce78dc32c37dd06a972448b8716d609493802d628", size = 1937059, upload-time = "2026-04-17T09:10:53.554Z" },
    { url = "https://files.pythonhosted.org/packages/30/ce/cd0824a2db213dc17113291b7a09b9b0ccd9fbf97daa4b81548703341baf/pydantic_core-2.46.2-graalpy312-graalpy250_312_native-manylinux_2_17_aarch64.manylinux2014_aarch64.whl", hash = "sha256:130a6c837d819ef33e8c2bf702ed2c3429237ea69807f1140943d6f4bdaf52fa", size = 1997278, upload-time = "2026-04-17T09:12:23.784Z" },
    { url = "https://files.pythonhosted.org/packages/c9/69/47283fe3c0c967d3e9e9cd6c42b70907610c8a6f8d6e8381f1bb55f8006c/pydantic_core-2.46.2-graalpy312-graalpy250_312_native-manylinux_2_17_x86_64.manylinux2014_x86_64.whl", hash = "sha256:c2e25417cec5cd9bddb151e33cb08c50160f317479ecc02b22a95ec18f8fe004", size = 2147096, upload-time = "2026-04-17T09:12:43.124Z" },
]

[[package]]
name = "pydantic-extra-types"
version = "2.11.1"
source = { registry = "https://pypi.org/simple" }
dependencies = [
    { name = "pydantic" },
    { name = "typing-extensions" },
]
sdist = { url = "https://files.pythonhosted.org/packages/66/71/dba38ee2651f84f7842206adbd2233d8bbdb59fb85e9fa14232486a8c471/pydantic_extra_types-2.11.1.tar.gz", hash = "sha256:46792d2307383859e923d8fcefa82108b1a141f8a9c0198982b3832ab5ef1049", size = 172002, upload-time = "2026-03-16T08:08:03.92Z" }
wheels = [
    { url = "https://files.pythonhosted.org/packages/17/c1/3226e6d7f5a4f736f38ac11a6fbb262d701889802595cdb0f53a885ac2e0/pydantic_extra_types-2.11.1-py3-none-any.whl", hash = "sha256:1722ea2bddae5628ace25f2aa685b69978ef533123e5638cfbddb999e0100ec1", size = 79526, upload-time = "2026-03-16T08:08:02.533Z" },
]

[[package]]
name = "pygments"
version = "2.20.0"
source = { registry = "https://pypi.org/simple" }
sdist = { url = "https://files.pythonhosted.org/packages/c3/b2/bc9c9196916376152d655522fdcebac55e66de6603a76a02bca1b6414f6c/pygments-2.20.0.tar.gz", hash = "sha256:6757cd03768053ff99f3039c1a36d6c0aa0b263438fcab17520b30a303a82b5f", size = 4955991, upload-time = "2026-03-29T13:29:33.898Z" }
wheels = [
    { url = "https://files.pythonhosted.org/packages/f4/7e/a72dd26f3b0f4f2bf1dd8923c85f7ceb43172af56d63c7383eb62b332364/pygments-2.20.0-py3-none-any.whl", hash = "sha256:81a9e26dd42fd28a23a2d169d86d7ac03b46e2f8b59ed4698fb4785f946d0176", size = 1231151, upload-time = "2026-03-29T13:29:30.038Z" },
]

[[package]]
name = "rendercv"
version = "2.8"
source = { registry = "https://pypi.org/simple" }
dependencies = [
    { name = "jinja2" },
    { name = "markdown" },
    { name = "phonenumbers" },
    { name = "pydantic", extra = ["email"] },
    { name = "pydantic-extra-types" },
    { name = "ruamel-yaml" },
]
sdist = { url = "https://files.pythonhosted.org/packages/b0/1e/b265ab4f54037e5e0cc7bd7a2f3c732357c17b6e7a9f36aa3c458a610e97/rendercv-2.8.tar.gz", hash = "sha256:e51b2e96654f8eeac612c9f2ba08c703e1a59e4d3433140a3d13fdbdb7192f73", size = 511752, upload-time = "2026-03-21T00:22:07.353Z" }
wheels = [
    { url = "https://files.pythonhosted.org/packages/67/88/9123cdc74e2c93ffcbc2e55039568fbce3ec5527df2b639b6471ceaac270/rendercv-2.8-py3-none-any.whl", hash = "sha256:38c8192931f1bb11958a9935a7b2698460829d4cf37543629be715a520376024", size = 146038, upload-time = "2026-03-21T00:22:05.776Z" },
]

[package.optional-dependencies]
full = [
    { name = "packaging" },
    { name = "rendercv-fonts" },
    { name = "typer" },
    { name = "typst" },
    { name = "watchdog" },
]

[[package]]
name = "rendercv-fonts"
version = "0.5.1"
source = { registry = "https://pypi.org/simple" }
sdist = { url = "https://files.pythonhosted.org/packages/2c/78/4c24bb2150a6e5b133ace2d4ec3b353bf7c0955b4ce85d5adac269104f9f/rendercv_fonts-0.5.1.tar.gz", hash = "sha256:f7ea8f33bb1338d9ce41c036066ffb8a482cc182c0f36e183d73a42e2da91ee5", size = 33041210, upload-time = "2025-12-09T11:56:12.365Z" }
wheels = [
    { url = "https://files.pythonhosted.org/packages/d7/1f/fb31a6659c8251373f4361266d2ca79d146b0d502702d1da43a567aa324d/rendercv_fonts-0.5.1-py3-none-any.whl", hash = "sha256:e82ee2cc9f6078c8aa05ea8bb5ab38b369e3487f638c44e4f329092f433dd460", size = 33124639, upload-time = "2025-12-09T11:56:08.987Z" },
]

[[package]]
name = "rich"
version = "15.0.0"
source = { registry = "https://pypi.org/simple" }
dependencies = [
    { name = "markdown-it-py" },
    { name = "pygments" },
]
sdist = { url = "https://files.pythonhosted.org/packages/c0/8f/0722ca900cc807c13a6a0c696dacf35430f72e0ec571c4275d2371fca3e9/rich-15.0.0.tar.gz", hash = "sha256:edd07a4824c6b40189fb7ac9bc4c52536e9780fbbfbddf6f1e2502c31b068c36", size = 230680, upload-time = "2026-04-12T08:24:00.75Z" }
wheels = [
    { url = "https://files.pythonhosted.org/packages/82/3b/64d4899d73f91ba49a8c18a8ff3f0ea8f1c1d75481760df8c68ef5235bf5/rich-15.0.0-py3-none-any.whl", hash = "sha256:33bd4ef74232fb73fe9279a257718407f169c09b78a87ad3d296f548e27de0bb", size = 310654, upload-time = "2026-04-12T08:24:02.83Z" },
]

[[package]]
name = "ruamel-yaml"
version = "0.19.1"
source = { registry = "https://pypi.org/simple" }
sdist = { url = "https://files.pythonhosted.org/packages/c7/3b/ebda527b56beb90cb7652cb1c7e4f91f48649fbcd8d2eb2fb6e77cd3329b/ruamel_yaml-0.19.1.tar.gz", hash = "sha256:53eb66cd27849eff968ebf8f0bf61f46cdac2da1d1f3576dd4ccee9b25c31993", size = 142709, upload-time = "2026-01-02T16:50:31.84Z" }
wheels = [
    { url = "https://files.pythonhosted.org/packages/b8/0c/51f6841f1d84f404f92463fc2b1ba0da357ca1e3db6b7fbda26956c3b82a/ruamel_yaml-0.19.1-py3-none-any.whl", hash = "sha256:27592957fedf6e0b62f281e96effd28043345e0e66001f97683aa9a40c667c93", size = 118102, upload-time = "2026-01-02T16:50:29.201Z" },
]

[[package]]
name = "shellingham"
version = "1.5.4"
source = { registry = "https://pypi.org/simple" }
sdist = { url = "https://files.pythonhosted.org/packages/58/15/8b3609fd3830ef7b27b655beb4b4e9c62313a4e8da8c676e142cc210d58e/shellingham-1.5.4.tar.gz", hash = "sha256:8dbca0739d487e5bd35ab3ca4b36e11c4078f3a234bfce294b0a0291363404de", size = 10310, upload-time = "2023-10-24T04:13:40.426Z" }
wheels = [
    { url = "https://files.pythonhosted.org/packages/e0/f9/0595336914c5619e5f28a1fb793285925a8cd4b432c9da0a987836c7f822/shellingham-1.5.4-py2.py3-none-any.whl", hash = "sha256:7ecfff8f2fd72616f7481040475a65b2bf8af90a56c89140852d1120324e8686", size = 9755, upload-time = "2023-10-24T04:13:38.866Z" },
]

[[package]]
name = "typer"
version = "0.24.1"
source = { registry = "https://pypi.org/simple" }
dependencies = [
    { name = "annotated-doc" },
    { name = "click" },
    { name = "rich" },
    { name = "shellingham" },
]
sdist = { url = "https://files.pythonhosted.org/packages/f5/24/cb09efec5cc954f7f9b930bf8279447d24618bb6758d4f6adf2574c41780/typer-0.24.1.tar.gz", hash = "sha256:e39b4732d65fbdcde189ae76cf7cd48aeae72919dea1fdfc16593be016256b45", size = 118613, upload-time = "2026-02-21T16:54:40.609Z" }
wheels = [
    { url = "https://files.pythonhosted.org/packages/4a/91/48db081e7a63bb37284f9fbcefda7c44c277b18b0e13fbc36ea2335b71e6/typer-0.24.1-py3-none-any.whl", hash = "sha256:112c1f0ce578bfb4cab9ffdabc68f031416ebcc216536611ba21f04e9aa84c9e", size = 56085, upload-time = "2026-02-21T16:54:41.616Z" },
]

[[package]]
name = "typing-extensions"
version = "4.15.0"
source = { registry = "https://pypi.org/simple" }
sdist = { url = "https://files.pythonhosted.org/packages/72/94/1a15dd82efb362ac84269196e94cf00f187f7ed21c242792a923cdb1c61f/typing_extensions-4.15.0.tar.gz", hash = "sha256:0cea48d173cc12fa28ecabc3b837ea3cf6f38c6d1136f85cbaaf598984861466", size = 109391, upload-time = "2025-08-25T13:49:26.313Z" }
wheels = [
    { url = "https://files.pythonhosted.org/packages/18/67/36e9267722cc04a6b9f15c7f3441c2363321a3ea07da7ae0c0707beb2a9c/typing_extensions-4.15.0-py3-none-any.whl", hash = "sha256:f0fa19c6845758ab08074a0cfa8b7aecb71c999ca73d62883bc25cc018c4e548", size = 44614, upload-time = "2025-08-25T13:49:24.86Z" },
]

[[package]]
name = "typing-inspection"
version = "0.4.2"
source = { registry = "https://pypi.org/simple" }
dependencies = [
    { name = "typing-extensions" },
]
sdist = { url = "https://files.pythonhosted.org/packages/55/e3/70399cb7dd41c10ac53367ae42139cf4b1ca5f36bb3dc6c9d33acdb43655/typing_inspection-0.4.2.tar.gz", hash = "sha256:ba561c48a67c5958007083d386c3295464928b01faa735ab8547c5692e87f464", size = 75949, upload-time = "2025-10-01T02:14:41.687Z" }
wheels = [
    { url = "https://files.pythonhosted.org/packages/dc/9b/47798a6c91d8bdb567fe2698fe81e0c6b7cb7ef4d13da4114b41d239f65d/typing_inspection-0.4.2-py3-none-any.whl", hash = "sha256:4ed1cacbdc298c220f1bd249ed5287caa16f34d44ef4e9c3d0cbad5b521545e7", size = 14611, upload-time = "2025-10-01T02:14:40.154Z" },
]

[[package]]
name = "typst"
version = "0.14.8"
source = { registry = "https://pypi.org/simple" }
sdist = { url = "https://files.pythonhosted.org/packages/0e/17/011059074fe6c51ed775991d5066c73443f17d49b3d4ab9c1a969dcdb5cb/typst-0.14.8.tar.gz", hash = "sha256:8ffb8d5896aa6a20a7b88ae3fa1dfcf062fdd09b5b6a0a164f92f78ad1a2d8cd", size = 62369, upload-time = "2026-02-08T02:31:21.753Z" }
wheels = [
    { url = "https://files.pythonhosted.org/packages/5b/cb/e49219a75d39ce866ae5d64e0a1d8d712b394ed3a1e7de3a8f4a35cde78e/typst-0.14.8-cp38-abi3-macosx_10_12_x86_64.whl", hash = "sha256:f47fe029f6ebe907f981ce0cb5208eab27eaf7342e319e6c798ac1dbae976f58", size = 22936285, upload-time = "2026-02-08T02:30:57.338Z" },
    { url = "https://files.pythonhosted.org/packages/f8/6b/d36f312c32b70303abd88d0abe6ffb50f8f7fcc0b457c914c78d791ed934/typst-0.14.8-cp38-abi3-macosx_11_0_arm64.whl", hash = "sha256:aba11243463f6994ca1140b8515e70be1a98fd3025ae3211b84103499b0c5a5a", size = 22632767, upload-time = "2026-02-08T02:31:00.454Z" },
    { url = "https://files.pythonhosted.org/packages/6f/b4/87d2d24078b94645ba8788c8b4a5bbab6a3c779370141c31a02e2003ee0f/typst-0.14.8-cp38-abi3-manylinux_2_17_aarch64.manylinux2014_aarch64.whl", hash = "sha256:544fcd9ce55b140115d7442b3661c45897778650c307e2eb0749efed29bbfcea", size = 26907232, upload-time = "2026-02-08T02:31:03.528Z" },
    { url = "https://files.pythonhosted.org/packages/bc/e8/3efdebcf37639daa4799e7a4c833a280f14685f7e6058fed576c6fb2e722/typst-0.14.8-cp38-abi3-manylinux_2_17_armv7l.manylinux2014_armv7l.whl", hash = "sha256:a296f85bf0d27043b031d1d2d74a34802e4876a8936f70784fbe99021b0dad4d", size = 26501791, upload-time = "2026-02-08T02:31:06.898Z" },
    { url = "https://files.pythonhosted.org/packages/7e/28/094d4b9f0ff4ee81f88eee2df00dbcfbd961070df981973bc385a1544ff8/typst-0.14.8-cp38-abi3-manylinux_2_17_ppc64le.manylinux2014_ppc64le.whl", hash = "sha256:6e3891a2e5551017c9030dd6de31587a29b97c18464df6bcff05f30f7cdab677", size = 28028881, upload-time = "2026-02-08T02:31:10.437Z" },
    { url = "https://files.pythonhosted.org/packages/11/a1/15cd399dfc5ce0ea9e05d5bbc274c95f8ecababc04b4210bae8d583fe454/typst-0.14.8-cp38-abi3-manylinux_2_17_s390x.manylinux2014_s390x.whl", hash = "sha256:7a19cf938607c73fd8c5245a7cb32c94af413080a3d747fcf7e16df88713c686", size = 27128399, upload-time = "2026-02-08T02:31:13.597Z" },
    { url = "https://files.pythonhosted.org/packages/4c/6f/ff1c58dac9245d4c355bfced006090b14a2f17497e9cf79a84d9d720663a/typst-0.14.8-cp38-abi3-manylinux_2_17_x86_64.manylinux2014_x86_64.whl", hash = "sha256:a12766a83e390377008722a8c80afdd9195a297261fd3c9d1f3720f9aecd2b19", size = 26026753, upload-time = "2026-02-08T02:31:16.591Z" },
    { url = "https://files.pythonhosted.org/packages/a9/42/db15d775c09f0da92191ea1b50cee056e46b599bb5524e2d8ff51f973765/typst-0.14.8-cp38-abi3-win_amd64.whl", hash = "sha256:66eb2ebfe13275cf2a63ed7ff261eb5af3da5293077a5d6ca16e27a96d0d2f5e", size = 21475900, upload-time = "2026-02-08T02:31:19.484Z" },
]

[[package]]
name = "watchdog"
version = "6.0.0"
source = { registry = "https://pypi.org/simple" }
sdist = { url = "https://files.pythonhosted.org/packages/db/7d/7f3d619e951c88ed75c6037b246ddcf2d322812ee8ea189be89511721d54/watchdog-6.0.0.tar.gz", hash = "sha256:9ddf7c82fda3ae8e24decda1338ede66e1c99883db93711d8fb941eaa2d8c282", size = 131220, upload-time = "2024-11-01T14:07:13.037Z" }
wheels = [
    { url = "https://files.pythonhosted.org/packages/39/ea/3930d07dafc9e286ed356a679aa02d777c06e9bfd1164fa7c19c288a5483/watchdog-6.0.0-cp312-cp312-macosx_10_13_universal2.whl", hash = "sha256:bdd4e6f14b8b18c334febb9c4425a878a2ac20efd1e0b231978e7b150f92a948", size = 96471, upload-time = "2024-11-01T14:06:37.745Z" },
    { url = "https://files.pythonhosted.org/packages/12/87/48361531f70b1f87928b045df868a9fd4e253d9ae087fa4cf3f7113be363/watchdog-6.0.0-cp312-cp312-macosx_10_13_x86_64.whl", hash = "sha256:c7c15dda13c4eb00d6fb6fc508b3c0ed88b9d5d374056b239c4ad1611125c860", size = 88449, upload-time = "2024-11-01T14:06:39.748Z" },
    { url = "https://files.pythonhosted.org/packages/5b/7e/8f322f5e600812e6f9a31b75d242631068ca8f4ef0582dd3ae6e72daecc8/watchdog-6.0.0-cp312-cp312-macosx_11_0_arm64.whl", hash = "sha256:6f10cb2d5902447c7d0da897e2c6768bca89174d0c6e1e30abec5421af97a5b0", size = 89054, upload-time = "2024-11-01T14:06:41.009Z" },
    { url = "https://files.pythonhosted.org/packages/a9/c7/ca4bf3e518cb57a686b2feb4f55a1892fd9a3dd13f470fca14e00f80ea36/watchdog-6.0.0-py3-none-manylinux2014_aarch64.whl", hash = "sha256:7607498efa04a3542ae3e05e64da8202e58159aa1fa4acddf7678d34a35d4f13", size = 79079, upload-time = "2024-11-01T14:06:59.472Z" },
    { url = "https://files.pythonhosted.org/packages/5c/51/d46dc9332f9a647593c947b4b88e2381c8dfc0942d15b8edc0310fa4abb1/watchdog-6.0.0-py3-none-manylinux2014_armv7l.whl", hash = "sha256:9041567ee8953024c83343288ccc458fd0a2d811d6a0fd68c4c22609e3490379", size = 79078, upload-time = "2024-11-01T14:07:01.431Z" },
    { url = "https://files.pythonhosted.org/packages/d4/57/04edbf5e169cd318d5f07b4766fee38e825d64b6913ca157ca32d1a42267/watchdog-6.0.0-py3-none-manylinux2014_i686.whl", hash = "sha256:82dc3e3143c7e38ec49d61af98d6558288c415eac98486a5c581726e0737c00e", size = 79076, upload-time = "2024-11-01T14:07:02.568Z" },
    { url = "https://files.pythonhosted.org/packages/ab/cc/da8422b300e13cb187d2203f20b9253e91058aaf7db65b74142013478e66/watchdog-6.0.0-py3-none-manylinux2014_ppc64.whl", hash = "sha256:212ac9b8bf1161dc91bd09c048048a95ca3a4c4f5e5d4a7d1b1a7d5752a7f96f", size = 79077, upload-time = "2024-11-01T14:07:03.893Z" },
    { url = "https://files.pythonhosted.org/packages/2c/3b/b8964e04ae1a025c44ba8e4291f86e97fac443bca31de8bd98d3263d2fcf/watchdog-6.0.0-py3-none-manylinux2014_ppc64le.whl", hash = "sha256:e3df4cbb9a450c6d49318f6d14f4bbc80d763fa587ba46ec86f99f9e6876bb26", size = 79078, upload-time = "2024-11-01T14:07:05.189Z" },
    { url = "https://files.pythonhosted.org/packages/62/ae/a696eb424bedff7407801c257d4b1afda455fe40821a2be430e173660e81/watchdog-6.0.0-py3-none-manylinux2014_s390x.whl", hash = "sha256:2cce7cfc2008eb51feb6aab51251fd79b85d9894e98ba847408f662b3395ca3c", size = 79077, upload-time = "2024-11-01T14:07:06.376Z" },
    { url = "https://files.pythonhosted.org/packages/b5/e8/dbf020b4d98251a9860752a094d09a65e1b436ad181faf929983f697048f/watchdog-6.0.0-py3-none-manylinux2014_x86_64.whl", hash = "sha256:20ffe5b202af80ab4266dcd3e91aae72bf2da48c0d33bdb15c66658e685e94e2", size = 79078, upload-time = "2024-11-01T14:07:07.547Z" },
    { url = "https://files.pythonhosted.org/packages/07/f6/d0e5b343768e8bcb4cda79f0f2f55051bf26177ecd5651f84c07567461cf/watchdog-6.0.0-py3-none-win32.whl", hash = "sha256:07df1fdd701c5d4c8e55ef6cf55b8f0120fe1aef7ef39a1c6fc6bc2e606d517a", size = 79065, upload-time = "2024-11-01T14:07:09.525Z" },
    { url = "https://files.pythonhosted.org/packages/db/d9/c495884c6e548fce18a8f40568ff120bc3a4b7b99813081c8ac0c936fa64/watchdog-6.0.0-py3-none-win_amd64.whl", hash = "sha256:cbafb470cf848d93b5d013e2ecb245d4aa1c8fd0504e863ccefa32445359d680", size = 79070, upload-time = "2024-11-01T14:07:10.686Z" },
    { url = "https://files.pythonhosted.org/packages/33/e8/e40370e6d74ddba47f002a32919d91310d6074130fe4e17dabcafc15cbf1/watchdog-6.0.0-py3-none-win_ia64.whl", hash = "sha256:a1914259fa9e1454315171103c6a30961236f508b9b623eae470268bbcc6a22f", size = 79067, upload-time = "2024-11-01T14:07:11.845Z" },
]
